// !$*UTF8*$!
{
	archiveVersion = 1;
	classes = {
	};
	objectVersion = 56;
	objects = {

/* Begin PBXBuildFile section */
		AC7E60582B18D23D0061AEF5 /* Extentions.swift in Sources */ = {isa = PBXBuildFile; fileRef = AC7E60572B18D23D0061AEF5 /* Extentions.swift */; };
		AC8F3A802B177EFB00C4586D /* AppDelegate.swift in Sources */ = {isa = PBXBuildFile; fileRef = AC8F3A7F2B177EFB00C4586D /* AppDelegate.swift */; };
		AC8F3A822B177EFB00C4586D /* SceneDelegate.swift in Sources */ = {isa = PBXBuildFile; fileRef = AC8F3A812B177EFB00C4586D /* SceneDelegate.swift */; };
		AC8F3A842B177EFB00C4586D /* HomeViewController.swift in Sources */ = {isa = PBXBuildFile; fileRef = AC8F3A832B177EFB00C4586D /* HomeViewController.swift */; };
		AC8F3A892B177EFC00C4586D /* Assets.xcassets in Resources */ = {isa = PBXBuildFile; fileRef = AC8F3A882B177EFC00C4586D /* Assets.xcassets */; };
		AC8F3A8C2B177EFC00C4586D /* LaunchScreen.storyboard in Resources */ = {isa = PBXBuildFile; fileRef = AC8F3A8A2B177EFC00C4586D /* LaunchScreen.storyboard */; };
		AC8F3A9A2B17833A00C4586D /* TabBarViewController.swift in Sources */ = {isa = PBXBuildFile; fileRef = AC8F3A992B17833A00C4586D /* TabBarViewController.swift */; };
		AC8F3A9C2B17837D00C4586D /* SearchViewController.swift in Sources */ = {isa = PBXBuildFile; fileRef = AC8F3A9B2B17837D00C4586D /* SearchViewController.swift */; };
		AC8F3A9E2B17839900C4586D /* LibraryViewController.swift in Sources */ = {isa = PBXBuildFile; fileRef = AC8F3A9D2B17839900C4586D /* LibraryViewController.swift */; };
		AC8F3AA22B1783D300C4586D /* AuthViewController.swift in Sources */ = {isa = PBXBuildFile; fileRef = AC8F3AA12B1783D300C4586D /* AuthViewController.swift */; };
		AC8F3AA42B1783E200C4586D /* WelcomeViewController.swift in Sources */ = {isa = PBXBuildFile; fileRef = AC8F3AA32B1783E200C4586D /* WelcomeViewController.swift */; };
		AC8F3AA62B1783EF00C4586D /* SettingsViewController.swift in Sources */ = {isa = PBXBuildFile; fileRef = AC8F3AA52B1783EF00C4586D /* SettingsViewController.swift */; };
		AC8F3AA82B17840000C4586D /* ProfileViewController.swift in Sources */ = {isa = PBXBuildFile; fileRef = AC8F3AA72B17840000C4586D /* ProfileViewController.swift */; };
		AC8F3AAA2B17841A00C4586D /* PlayerViewController.swift in Sources */ = {isa = PBXBuildFile; fileRef = AC8F3AA92B17841A00C4586D /* PlayerViewController.swift */; };
		AC8F3AAC2B17842F00C4586D /* PlaylistViewController.swift in Sources */ = {isa = PBXBuildFile; fileRef = AC8F3AAB2B17842F00C4586D /* PlaylistViewController.swift */; };
		AC8F3AAE2B17844000C4586D /* SearchResultViewController.swift in Sources */ = {isa = PBXBuildFile; fileRef = AC8F3AAD2B17844000C4586D /* SearchResultViewController.swift */; };
		AC8F3AB02B1784AA00C4586D /* AuthManager.swift in Sources */ = {isa = PBXBuildFile; fileRef = AC8F3AAF2B1784AA00C4586D /* AuthManager.swift */; };
		AC8F3AB22B1784BA00C4586D /* APICaller.swift in Sources */ = {isa = PBXBuildFile; fileRef = AC8F3AB12B1784BA00C4586D /* APICaller.swift */; };
		AC8F3AB42B1784D900C4586D /* HapticsManager.swift in Sources */ = {isa = PBXBuildFile; fileRef = AC8F3AB32B1784D900C4586D /* HapticsManager.swift */; };
		AC8F3AB62B1784F700C4586D /* Playlist.swift in Sources */ = {isa = PBXBuildFile; fileRef = AC8F3AB52B1784F700C4586D /* Playlist.swift */; };
		AC8F3AB82B17850A00C4586D /* AudioTrack.swift in Sources */ = {isa = PBXBuildFile; fileRef = AC8F3AB72B17850A00C4586D /* AudioTrack.swift */; };
		AC8F3ABA2B17851700C4586D /* Artist.swift in Sources */ = {isa = PBXBuildFile; fileRef = AC8F3AB92B17851700C4586D /* Artist.swift */; };
		AC8F3ABC2B17852400C4586D /* UserProfile.swift in Sources */ = {isa = PBXBuildFile; fileRef = AC8F3ABB2B17852400C4586D /* UserProfile.swift */; };
/* End PBXBuildFile section */

/* Begin PBXFileReference section */
		AC7E60572B18D23D0061AEF5 /* Extentions.swift */ = {isa = PBXFileReference; lastKnownFileType = sourcecode.swift; path = Extentions.swift; sourceTree = "<group>"; };
		AC8F3A7C2B177EFB00C4586D /* Spotify_UIKit.app */ = {isa = PBXFileReference; explicitFileType = wrapper.application; includeInIndex = 0; path = Spotify_UIKit.app; sourceTree = BUILT_PRODUCTS_DIR; };
		AC8F3A7F2B177EFB00C4586D /* AppDelegate.swift */ = {isa = PBXFileReference; lastKnownFileType = sourcecode.swift; path = AppDelegate.swift; sourceTree = "<group>"; };
		AC8F3A812B177EFB00C4586D /* SceneDelegate.swift */ = {isa = PBXFileReference; lastKnownFileType = sourcecode.swift; path = SceneDelegate.swift; sourceTree = "<group>"; };
		AC8F3A832B177EFB00C4586D /* HomeViewController.swift */ = {isa = PBXFileReference; lastKnownFileType = sourcecode.swift; path = HomeViewController.swift; sourceTree = "<group>"; };
		AC8F3A882B177EFC00C4586D /* Assets.xcassets */ = {isa = PBXFileReference; lastKnownFileType = folder.assetcatalog; path = Assets.xcassets; sourceTree = "<group>"; };
		AC8F3A8B2B177EFC00C4586D /* Base */ = {isa = PBXFileReference; lastKnownFileType = file.storyboard; name = Base; path = Base.lproj/LaunchScreen.storyboard; sourceTree = "<group>"; };
		AC8F3A8D2B177EFC00C4586D /* Info.plist */ = {isa = PBXFileReference; lastKnownFileType = text.plist.xml; path = Info.plist; sourceTree = "<group>"; };
		AC8F3A992B17833A00C4586D /* TabBarViewController.swift */ = {isa = PBXFileReference; lastKnownFileType = sourcecode.swift; path = TabBarViewController.swift; sourceTree = "<group>"; };
		AC8F3A9B2B17837D00C4586D /* SearchViewController.swift */ = {isa = PBXFileReference; lastKnownFileType = sourcecode.swift; path = SearchViewController.swift; sourceTree = "<group>"; };
		AC8F3A9D2B17839900C4586D /* LibraryViewController.swift */ = {isa = PBXFileReference; lastKnownFileType = sourcecode.swift; path = LibraryViewController.swift; sourceTree = "<group>"; };
		AC8F3AA12B1783D300C4586D /* AuthViewController.swift */ = {isa = PBXFileReference; lastKnownFileType = sourcecode.swift; path = AuthViewController.swift; sourceTree = "<group>"; };
		AC8F3AA32B1783E200C4586D /* WelcomeViewController.swift */ = {isa = PBXFileReference; lastKnownFileType = sourcecode.swift; path = WelcomeViewController.swift; sourceTree = "<group>"; };
		AC8F3AA52B1783EF00C4586D /* SettingsViewController.swift */ = {isa = PBXFileReference; lastKnownFileType = sourcecode.swift; path = SettingsViewController.swift; sourceTree = "<group>"; };
		AC8F3AA72B17840000C4586D /* ProfileViewController.swift */ = {isa = PBXFileReference; lastKnownFileType = sourcecode.swift; path = ProfileViewController.swift; sourceTree = "<group>"; };
		AC8F3AA92B17841A00C4586D /* PlayerViewController.swift */ = {isa = PBXFileReference; lastKnownFileType = sourcecode.swift; path = PlayerViewController.swift; sourceTree = "<group>"; };
		AC8F3AAB2B17842F00C4586D /* PlaylistViewController.swift */ = {isa = PBXFileReference; lastKnownFileType = sourcecode.swift; path = PlaylistViewController.swift; sourceTree = "<group>"; };
		AC8F3AAD2B17844000C4586D /* SearchResultViewController.swift */ = {isa = PBXFileReference; lastKnownFileType = sourcecode.swift; path = SearchResultViewController.swift; sourceTree = "<group>"; };
		AC8F3AAF2B1784AA00C4586D /* AuthManager.swift */ = {isa = PBXFileReference; lastKnownFileType = sourcecode.swift; path = AuthManager.swift; sourceTree = "<group>"; };
		AC8F3AB12B1784BA00C4586D /* APICaller.swift */ = {isa = PBXFileReference; lastKnownFileType = sourcecode.swift; path = APICaller.swift; sourceTree = "<group>"; };
		AC8F3AB32B1784D900C4586D /* HapticsManager.swift */ = {isa = PBXFileReference; lastKnownFileType = sourcecode.swift; path = HapticsManager.swift; sourceTree = "<group>"; };
		AC8F3AB52B1784F700C4586D /* Playlist.swift */ = {isa = PBXFileReference; lastKnownFileType = sourcecode.swift; path = Playlist.swift; sourceTree = "<group>"; };
		AC8F3AB72B17850A00C4586D /* AudioTrack.swift */ = {isa = PBXFileReference; lastKnownFileType = sourcecode.swift; path = AudioTrack.swift; sourceTree = "<group>"; };
		AC8F3AB92B17851700C4586D /* Artist.swift */ = {isa = PBXFileReference; lastKnownFileType = sourcecode.swift; path = Artist.swift; sourceTree = "<group>"; };
		AC8F3ABB2B17852400C4586D /* UserProfile.swift */ = {isa = PBXFileReference; lastKnownFileType = sourcecode.swift; path = UserProfile.swift; sourceTree = "<group>"; };
/* End PBXFileReference section */

/* Begin PBXFrameworksBuildPhase section */
		AC8F3A792B177EFB00C4586D /* Frameworks */ = {
			isa = PBXFrameworksBuildPhase;
			buildActionMask = 2147483647;
			files = (
			);
			runOnlyForDeploymentPostprocessing = 0;
		};
/* End PBXFrameworksBuildPhase section */

/* Begin PBXGroup section */
		AC8F3A732B177EFB00C4586D = {
			isa = PBXGroup;
			children = (
				AC8F3A7E2B177EFB00C4586D /* Spotify_UIKit */,
				AC8F3A7D2B177EFB00C4586D /* Products */,
			);
			sourceTree = "<group>";
		};
		AC8F3A7D2B177EFB00C4586D /* Products */ = {
			isa = PBXGroup;
			children = (
				AC8F3A7C2B177EFB00C4586D /* Spotify_UIKit.app */,
			);
			name = Products;
			sourceTree = "<group>";
		};
		AC8F3A7E2B177EFB00C4586D /* Spotify_UIKit */ = {
			isa = PBXGroup;
			children = (
				AC8F3A982B177F7100C4586D /* Resources */,
				AC8F3A972B177F6700C4586D /* Managers */,
				AC8F3A962B177F5F00C4586D /* ViewModels */,
				AC8F3A952B177F5700C4586D /* Models */,
				AC8F3A942B177F4F00C4586D /* Views */,
				AC8F3A932B177F3700C4586D /* Controllers */,
				AC8F3A8D2B177EFC00C4586D /* Info.plist */,
			);
			path = Spotify_UIKit;
			sourceTree = "<group>";
		};
		AC8F3A932B177F3700C4586D /* Controllers */ = {
			isa = PBXGroup;
			children = (
				AC8F3AA02B1783B300C4586D /* Other */,
				AC8F3A9F2B1783A100C4586D /* Core */,
			);
			path = Controllers;
			sourceTree = "<group>";
		};
		AC8F3A942B177F4F00C4586D /* Views */ = {
			isa = PBXGroup;
			children = (
				AC8F3A8A2B177EFC00C4586D /* LaunchScreen.storyboard */,
			);
			path = Views;
			sourceTree = "<group>";
		};
		AC8F3A952B177F5700C4586D /* Models */ = {
			isa = PBXGroup;
			children = (
				AC8F3AB52B1784F700C4586D /* Playlist.swift */,
				AC8F3AB72B17850A00C4586D /* AudioTrack.swift */,
				AC8F3AB92B17851700C4586D /* Artist.swift */,
				AC8F3ABB2B17852400C4586D /* UserProfile.swift */,
			);
			path = Models;
			sourceTree = "<group>";
		};
		AC8F3A962B177F5F00C4586D /* ViewModels */ = {
			isa = PBXGroup;
			children = (
			);
			path = ViewModels;
			sourceTree = "<group>";
		};
		AC8F3A972B177F6700C4586D /* Managers */ = {
			isa = PBXGroup;
			children = (
				AC8F3AAF2B1784AA00C4586D /* AuthManager.swift */,
				AC8F3AB12B1784BA00C4586D /* APICaller.swift */,
				AC8F3AB32B1784D900C4586D /* HapticsManager.swift */,
			);
			path = Managers;
			sourceTree = "<group>";
		};
		AC8F3A982B177F7100C4586D /* Resources */ = {
			isa = PBXGroup;
			children = (
				AC8F3A882B177EFC00C4586D /* Assets.xcassets */,
				AC8F3A7F2B177EFB00C4586D /* AppDelegate.swift */,
				AC8F3A812B177EFB00C4586D /* SceneDelegate.swift */,
				AC7E60572B18D23D0061AEF5 /* Extentions.swift */,
			);
			path = Resources;
			sourceTree = "<group>";
		};
		AC8F3A9F2B1783A100C4586D /* Core */ = {
			isa = PBXGroup;
			children = (
				AC8F3A832B177EFB00C4586D /* HomeViewController.swift */,
				AC8F3A992B17833A00C4586D /* TabBarViewController.swift */,
				AC8F3A9B2B17837D00C4586D /* SearchViewController.swift */,
				AC8F3A9D2B17839900C4586D /* LibraryViewController.swift */,
			);
			path = Core;
			sourceTree = "<group>";
		};
		AC8F3AA02B1783B300C4586D /* Other */ = {
			isa = PBXGroup;
			children = (
				AC8F3AA12B1783D300C4586D /* AuthViewController.swift */,
				AC8F3AA32B1783E200C4586D /* WelcomeViewController.swift */,
				AC8F3AA52B1783EF00C4586D /* SettingsViewController.swift */,
				AC8F3AA72B17840000C4586D /* ProfileViewController.swift */,
				AC8F3AA92B17841A00C4586D /* PlayerViewController.swift */,
				AC8F3AAB2B17842F00C4586D /* PlaylistViewController.swift */,
				AC8F3AAD2B17844000C4586D /* SearchResultViewController.swift */,
			);
			path = Other;
			sourceTree = "<group>";
		};
/* End PBXGroup section */

/* Begin PBXNativeTarget section */
		AC8F3A7B2B177EFB00C4586D /* Spotify_UIKit */ = {
			isa = PBXNativeTarget;
			buildConfigurationList = AC8F3A902B177EFC00C4586D /* Build configuration list for PBXNativeTarget "Spotify_UIKit" */;
			buildPhases = (
				AC8F3A782B177EFB00C4586D /* Sources */,
				AC8F3A792B177EFB00C4586D /* Frameworks */,
				AC8F3A7A2B177EFB00C4586D /* Resources */,
			);
			buildRules = (
			);
			dependencies = (
			);
			name = Spotify_UIKit;
			productName = Spotify_UIKit;
			productReference = AC8F3A7C2B177EFB00C4586D /* Spotify_UIKit.app */;
			productType = "com.apple.product-type.application";
		};
/* End PBXNativeTarget section */

/* Begin PBXProject section */
		AC8F3A742B177EFB00C4586D /* Project object */ = {
			isa = PBXProject;
			attributes = {
				BuildIndependentTargetsInParallel = 1;
				LastSwiftUpdateCheck = 1500;
				LastUpgradeCheck = 1500;
				TargetAttributes = {
					AC8F3A7B2B177EFB00C4586D = {
						CreatedOnToolsVersion = 15.0.1;
					};
				};
			};
			buildConfigurationList = AC8F3A772B177EFB00C4586D /* Build configuration list for PBXProject "Spotify_UIKit" */;
			compatibilityVersion = "Xcode 14.0";
			developmentRegion = en;
			hasScannedForEncodings = 0;
			knownRegions = (
				en,
				Base,
			);
			mainGroup = AC8F3A732B177EFB00C4586D;
			productRefGroup = AC8F3A7D2B177EFB00C4586D /* Products */;
			projectDirPath = "";
			projectRoot = "";
			targets = (
				AC8F3A7B2B177EFB00C4586D /* Spotify_UIKit */,
			);
		};
/* End PBXProject section */

/* Begin PBXResourcesBuildPhase section */
		AC8F3A7A2B177EFB00C4586D /* Resources */ = {
			isa = PBXResourcesBuildPhase;
			buildActionMask = 2147483647;
			files = (
				AC8F3A8C2B177EFC00C4586D /* LaunchScreen.storyboard in Resources */,
				AC8F3A892B177EFC00C4586D /* Assets.xcassets in Resources */,
			);
			runOnlyForDeploymentPostprocessing = 0;
		};
/* End PBXResourcesBuildPhase section */

/* Begin PBXSourcesBuildPhase section */
		AC8F3A782B177EFB00C4586D /* Sources */ = {
			isa = PBXSourcesBuildPhase;
			buildActionMask = 2147483647;
			files = (
				AC8F3A9C2B17837D00C4586D /* SearchViewController.swift in Sources */,
				AC8F3AB62B1784F700C4586D /* Playlist.swift in Sources */,
				AC8F3AB02B1784AA00C4586D /* AuthManager.swift in Sources */,
				AC8F3AA42B1783E200C4586D /* WelcomeViewController.swift in Sources */,
				AC8F3AA82B17840000C4586D /* ProfileViewController.swift in Sources */,
				AC8F3A9A2B17833A00C4586D /* TabBarViewController.swift in Sources */,
				AC8F3A842B177EFB00C4586D /* HomeViewController.swift in Sources */,
				AC8F3AB42B1784D900C4586D /* HapticsManager.swift in Sources */,
				AC8F3AB82B17850A00C4586D /* AudioTrack.swift in Sources */,
				AC8F3AA22B1783D300C4586D /* AuthViewController.swift in Sources */,
				AC8F3A802B177EFB00C4586D /* AppDelegate.swift in Sources */,
				AC8F3A9E2B17839900C4586D /* LibraryViewController.swift in Sources */,
				AC8F3ABC2B17852400C4586D /* UserProfile.swift in Sources */,
				AC8F3AAC2B17842F00C4586D /* PlaylistViewController.swift in Sources */,
				AC8F3ABA2B17851700C4586D /* Artist.swift in Sources */,
				AC8F3A822B177EFB00C4586D /* SceneDelegate.swift in Sources */,
				AC8F3AAA2B17841A00C4586D /* PlayerViewController.swift in Sources */,
				AC8F3AAE2B17844000C4586D /* SearchResultViewController.swift in Sources */,
				AC8F3AB22B1784BA00C4586D /* APICaller.swift in Sources */,
				AC8F3AA62B1783EF00C4586D /* SettingsViewController.swift in Sources */,
				AC7E60582B18D23D0061AEF5 /* Extentions.swift in Sources */,
			);
			runOnlyForDeploymentPostprocessing = 0;
		};
/* End PBXSourcesBuildPhase section */

/* Begin PBXVariantGroup section */
		AC8F3A8A2B177EFC00C4586D /* LaunchScreen.storyboard */ = {
			isa = PBXVariantGroup;
			children = (
				AC8F3A8B2B177EFC00C4586D /* Base */,
			);
			name = LaunchScreen.storyboard;
			sourceTree = "<group>";
		};
/* End PBXVariantGroup section */

/* Begin XCBuildConfiguration section */
		AC8F3A8E2B177EFC00C4586D /* Debug */ = {
			isa = XCBuildConfiguration;
			buildSettings = {
				ALWAYS_SEARCH_USER_PATHS = NO;
				ASSETCATALOG_COMPILER_GENERATE_SWIFT_ASSET_SYMBOL_EXTENSIONS = YES;
				CLANG_ANALYZER_NONNULL = YES;
				CLANG_ANALYZER_NUMBER_OBJECT_CONVERSION = YES_AGGRESSIVE;
				CLANG_CXX_LANGUAGE_STANDARD = "gnu++20";
				CLANG_ENABLE_MODULES = YES;
				CLANG_ENABLE_OBJC_ARC = YES;
				CLANG_ENABLE_OBJC_WEAK = YES;
				CLANG_WARN_BLOCK_CAPTURE_AUTORELEASING = YES;
				CLANG_WARN_BOOL_CONVERSION = YES;
				CLANG_WARN_COMMA = YES;
				CLANG_WARN_CONSTANT_CONVERSION = YES;
				CLANG_WARN_DEPRECATED_OBJC_IMPLEMENTATIONS = YES;
				CLANG_WARN_DIRECT_OBJC_ISA_USAGE = YES_ERROR;
				CLANG_WARN_DOCUMENTATION_COMMENTS = YES;
				CLANG_WARN_EMPTY_BODY = YES;
				CLANG_WARN_ENUM_CONVERSION = YES;
				CLANG_WARN_INFINITE_RECURSION = YES;
				CLANG_WARN_INT_CONVERSION = YES;
				CLANG_WARN_NON_LITERAL_NULL_CONVERSION = YES;
				CLANG_WARN_OBJC_IMPLICIT_RETAIN_SELF = YES;
				CLANG_WARN_OBJC_LITERAL_CONVERSION = YES;
				CLANG_WARN_OBJC_ROOT_CLASS = YES_ERROR;
				CLANG_WARN_QUOTED_INCLUDE_IN_FRAMEWORK_HEADER = YES;
				CLANG_WARN_RANGE_LOOP_ANALYSIS = YES;
				CLANG_WARN_STRICT_PROTOTYPES = YES;
				CLANG_WARN_SUSPICIOUS_MOVE = YES;
				CLANG_WARN_UNGUARDED_AVAILABILITY = YES_AGGRESSIVE;
				CLANG_WARN_UNREACHABLE_CODE = YES;
				CLANG_WARN__DUPLICATE_METHOD_MATCH = YES;
				COPY_PHASE_STRIP = NO;
				DEBUG_INFORMATION_FORMAT = dwarf;
				ENABLE_STRICT_OBJC_MSGSEND = YES;
				ENABLE_TESTABILITY = YES;
				ENABLE_USER_SCRIPT_SANDBOXING = YES;
				GCC_C_LANGUAGE_STANDARD = gnu17;
				GCC_DYNAMIC_NO_PIC = NO;
				GCC_NO_COMMON_BLOCKS = YES;
				GCC_OPTIMIZATION_LEVEL = 0;
				GCC_PREPROCESSOR_DEFINITIONS = (
					"DEBUG=1",
					"$(inherited)",
				);
				GCC_WARN_64_TO_32_BIT_CONVERSION = YES;
				GCC_WARN_ABOUT_RETURN_TYPE = YES_ERROR;
				GCC_WARN_UNDECLARED_SELECTOR = YES;
				GCC_WARN_UNINITIALIZED_AUTOS = YES_AGGRESSIVE;
				GCC_WARN_UNUSED_FUNCTION = YES;
				GCC_WARN_UNUSED_VARIABLE = YES;
				IPHONEOS_DEPLOYMENT_TARGET = 17.0;
				LOCALIZATION_PREFERS_STRING_CATALOGS = YES;
				MTL_ENABLE_DEBUG_INFO = INCLUDE_SOURCE;
				MTL_FAST_MATH = YES;
				ONLY_ACTIVE_ARCH = YES;
				SDKROOT = iphoneos;
				SWIFT_ACTIVE_COMPILATION_CONDITIONS = "DEBUG $(inherited)";
				SWIFT_OPTIMIZATION_LEVEL = "-Onone";
			};
			name = Debug;
		};
		AC8F3A8F2B177EFC00C4586D /* Release */ = {
			isa = XCBuildConfiguration;
			buildSettings = {
				ALWAYS_SEARCH_USER_PATHS = NO;
				ASSETCATALOG_COMPILER_GENERATE_SWIFT_ASSET_SYMBOL_EXTENSIONS = YES;
				CLANG_ANALYZER_NONNULL = YES;
				CLANG_ANALYZER_NUMBER_OBJECT_CONVERSION = YES_AGGRESSIVE;
				CLANG_CXX_LANGUAGE_STANDARD = "gnu++20";
				CLANG_ENABLE_MODULES = YES;
				CLANG_ENABLE_OBJC_ARC = YES;
				CLANG_ENABLE_OBJC_WEAK = YES;
				CLANG_WARN_BLOCK_CAPTURE_AUTORELEASING = YES;
				CLANG_WARN_BOOL_CONVERSION = YES;
				CLANG_WARN_COMMA = YES;
				CLANG_WARN_CONSTANT_CONVERSION = YES;
				CLANG_WARN_DEPRECATED_OBJC_IMPLEMENTATIONS = YES;
				CLANG_WARN_DIRECT_OBJC_ISA_USAGE = YES_ERROR;
				CLANG_WARN_DOCUMENTATION_COMMENTS = YES;
				CLANG_WARN_EMPTY_BODY = YES;
				CLANG_WARN_ENUM_CONVERSION = YES;
				CLANG_WARN_INFINITE_RECURSION = YES;
				CLANG_WARN_INT_CONVERSION = YES;
				CLANG_WARN_NON_LITERAL_NULL_CONVERSION = YES;
				CLANG_WARN_OBJC_IMPLICIT_RETAIN_SELF = YES;
				CLANG_WARN_OBJC_LITERAL_CONVERSION = YES;
				CLANG_WARN_OBJC_ROOT_CLASS = YES_ERROR;
				CLANG_WARN_QUOTED_INCLUDE_IN_FRAMEWORK_HEADER = YES;
				CLANG_WARN_RANGE_LOOP_ANALYSIS = YES;
				CLANG_WARN_STRICT_PROTOTYPES = YES;
				CLANG_WARN_SUSPICIOUS_MOVE = YES;
				CLANG_WARN_UNGUARDED_AVAILABILITY = YES_AGGRESSIVE;
				CLANG_WARN_UNREACHABLE_CODE = YES;
				CLANG_WARN__DUPLICATE_METHOD_MATCH = YES;
				COPY_PHASE_STRIP = NO;
				DEBUG_INFORMATION_FORMAT = "dwarf-with-dsym";
				ENABLE_NS_ASSERTIONS = NO;
				ENABLE_STRICT_OBJC_MSGSEND = YES;
				ENABLE_USER_SCRIPT_SANDBOXING = YES;
				GCC_C_LANGUAGE_STANDARD = gnu17;
				GCC_NO_COMMON_BLOCKS = YES;
				GCC_WARN_64_TO_32_BIT_CONVERSION = YES;
				GCC_WARN_ABOUT_RETURN_TYPE = YES_ERROR;
				GCC_WARN_UNDECLARED_SELECTOR = YES;
				GCC_WARN_UNINITIALIZED_AUTOS = YES_AGGRESSIVE;
				GCC_WARN_UNUSED_FUNCTION = YES;
				GCC_WARN_UNUSED_VARIABLE = YES;
				IPHONEOS_DEPLOYMENT_TARGET = 17.0;
				LOCALIZATION_PREFERS_STRING_CATALOGS = YES;
				MTL_ENABLE_DEBUG_INFO = NO;
				MTL_FAST_MATH = YES;
				SDKROOT = iphoneos;
				SWIFT_COMPILATION_MODE = wholemodule;
				VALIDATE_PRODUCT = YES;
			};
			name = Release;
		};
		AC8F3A912B177EFC00C4586D /* Debug */ = {
			isa = XCBuildConfiguration;
			buildSettings = {
				ASSETCATALOG_COMPILER_APPICON_NAME = AppIcon;
				ASSETCATALOG_COMPILER_GLOBAL_ACCENT_COLOR_NAME = AccentColor;
				CODE_SIGN_STYLE = Automatic;
				CURRENT_PROJECT_VERSION = 1;
				DEVELOPMENT_TEAM = 8N7YRTC92N;
				GENERATE_INFOPLIST_FILE = YES;
				INFOPLIST_FILE = Spotify_UIKit/Info.plist;
				INFOPLIST_KEY_UIApplicationSupportsIndirectInputEvents = YES;
				INFOPLIST_KEY_UILaunchStoryboardName = LaunchScreen;
				INFOPLIST_KEY_UISupportedInterfaceOrientations_iPad = "UIInterfaceOrientationPortrait UIInterfaceOrientationPortraitUpsideDown UIInterfaceOrientationLandscapeLeft UIInterfaceOrientationLandscapeRight";
				INFOPLIST_KEY_UISupportedInterfaceOrientations_iPhone = "UIInterfaceOrientationPortrait UIInterfaceOrientationLandscapeLeft UIInterfaceOrientationLandscapeRight";
				LD_RUNPATH_SEARCH_PATHS = (
					"$(inherited)",
					"@executable_path/Frameworks",
				);
				MARKETING_VERSION = 1.0;
				PRODUCT_BUNDLE_IDENTIFIER = "backster.com.Spotify-UIKit";
				PRODUCT_NAME = "$(TARGET_NAME)";
				SWIFT_EMIT_LOC_STRINGS = YES;
				SWIFT_VERSION = 5.0;
				TARGETED_DEVICE_FAMILY = "1,2";
			};
			name = Debug;
		};
		AC8F3A922B177EFC00C4586D /* Release */ = {
			isa = XCBuildConfiguration;
			buildSettings = {
				ASSETCATALOG_COMPILER_APPICON_NAME = AppIcon;
				ASSETCATALOG_COMPILER_GLOBAL_ACCENT_COLOR_NAME = AccentColor;
				CODE_SIGN_STYLE = Automatic;
				CURRENT_PROJECT_VERSION = 1;
				DEVELOPMENT_TEAM = 8N7YRTC92N;
				GENERATE_INFOPLIST_FILE = YES;
				INFOPLIST_FILE = Spotify_UIKit/Info.plist;
				INFOPLIST_KEY_UIApplicationSupportsIndirectInputEvents = YES;
				INFOPLIST_KEY_UILaunchStoryboardName = LaunchScreen;
				INFOPLIST_KEY_UISupportedInterfaceOrientations_iPad = "UIInterfaceOrientationPortrait UIInterfaceOrientationPortraitUpsideDown UIInterfaceOrientationLandscapeLeft UIInterfaceOrientationLandscapeRight";
				INFOPLIST_KEY_UISupportedInterfaceOrientations_iPhone = "UIInterfaceOrientationPortrait UIInterfaceOrientationLandscapeLeft UIInterfaceOrientationLandscapeRight";
				LD_RUNPATH_SEARCH_PATHS = (
					"$(inherited)",
					"@executable_path/Frameworks",
				);
				MARKETING_VERSION = 1.0;
				PRODUCT_BUNDLE_IDENTIFIER = "backster.com.Spotify-UIKit";
				PRODUCT_NAME = "$(TARGET_NAME)";
				SWIFT_EMIT_LOC_STRINGS = YES;
				SWIFT_VERSION = 5.0;
				TARGETED_DEVICE_FAMILY = "1,2";
			};
			name = Release;
		};
/* End XCBuildConfiguration section */

/* Begin XCConfigurationList section */
		AC8F3A772B177EFB00C4586D /* Build configuration list for PBXProject "Spotify_UIKit" */ = {
			isa = XCConfigurationList;
			buildConfigurations = (
				AC8F3A8E2B177EFC00C4586D /* Debug */,
				AC8F3A8F2B177EFC00C4586D /* Release */,
			);
			defaultConfigurationIsVisible = 0;
			defaultConfigurationName = Release;
		};
		AC8F3A902B177EFC00C4586D /* Build configuration list for PBXNativeTarget "Spotify_UIKit" */ = {
			isa = XCConfigurationList;
			buildConfigurations = (
				AC8F3A912B177EFC00C4586D /* Debug */,
				AC8F3A922B177EFC00C4586D /* Release */,
			);
			defaultConfigurationIsVisible = 0;
			defaultConfigurationName = Release;
		};
/* End XCConfigurationList section */
	};
	rootObject = AC8F3A742B177EFB00C4586D /* Project object */;
}
