// !$*UTF8*$!
{
	archiveVersion = 1;
	classes = {
	};
	objectVersion = 56;
	objects = {

/* Begin PBXBuildFile section */
		AC0309732B03965400DACB70 /* AppDelegate.swift in Sources */ = {isa = PBXBuildFile; fileRef = AC0309722B03965400DACB70 /* AppDelegate.swift */; };
		AC0309752B03965400DACB70 /* SceneDelegate.swift in Sources */ = {isa = PBXBuildFile; fileRef = AC0309742B03965400DACB70 /* SceneDelegate.swift */; };
		AC0309772B03965400DACB70 /* ViewController.swift in Sources */ = {isa = PBXBuildFile; fileRef = AC0309762B03965400DACB70 /* ViewController.swift */; };
		AC03097A2B03965400DACB70 /* SimpleStackView.storyboard in Resources */ = {isa = PBXBuildFile; fileRef = AC0309782B03965400DACB70 /* SimpleStackView.storyboard */; };
		AC03097C2B03965500DACB70 /* Assets.xcassets in Resources */ = {isa = PBXBuildFile; fileRef = AC03097B2B03965500DACB70 /* Assets.xcassets */; };
		AC03097F2B03965500DACB70 /* LaunchScreen.storyboard in Resources */ = {isa = PBXBuildFile; fileRef = AC03097D2B03965500DACB70 /* LaunchScreen.storyboard */; };
		AC0309882B03CD4F00DACB70 /* Nested Stack View.storyboard in Resources */ = {isa = PBXBuildFile; fileRef = AC0309872B03CD4F00DACB70 /* Nested Stack View.storyboard */; };
		AC24C8032B04BA810065B530 /* Dynamic Stack View.storyboard in Resources */ = {isa = PBXBuildFile; fileRef = AC24C8022B04BA810065B530 /* Dynamic Stack View.storyboard */; };
		ACB0C96C2B0BA97600BF37ED /* Two Different-Width Views.storyboard in Resources */ = {isa = PBXBuildFile; fileRef = ACB0C96B2B0BA97600BF37ED /* Two Different-Width Views.storyboard */; };
		ACC0346A2B05FCC700FB00BD /* Simple Single View.storyboard in Resources */ = {isa = PBXBuildFile; fileRef = ACC034692B05FCC700FB00BD /* Simple Single View.storyboard */; };
		ACC0346C2B06012100FB00BD /* Adaptive Single View.storyboard in Resources */ = {isa = PBXBuildFile; fileRef = ACC0346B2B06012100FB00BD /* Adaptive Single View.storyboard */; };
		ACC0346E2B06073500FB00BD /* Two Equal-Width Views.storyboard in Resources */ = {isa = PBXBuildFile; fileRef = ACC0346D2B06073500FB00BD /* Two Equal-Width Views.storyboard */; };
/* End PBXBuildFile section */

/* Begin PBXFileReference section */
		AC03096F2B03965400DACB70 /* AutoLayoutDemo.app */ = {isa = PBXFileReference; explicitFileType = wrapper.application; includeInIndex = 0; path = AutoLayoutDemo.app; sourceTree = BUILT_PRODUCTS_DIR; };
		AC0309722B03965400DACB70 /* AppDelegate.swift */ = {isa = PBXFileReference; lastKnownFileType = sourcecode.swift; path = AppDelegate.swift; sourceTree = "<group>"; };
		AC0309742B03965400DACB70 /* SceneDelegate.swift */ = {isa = PBXFileReference; lastKnownFileType = sourcecode.swift; path = SceneDelegate.swift; sourceTree = "<group>"; };
		AC0309762B03965400DACB70 /* ViewController.swift */ = {isa = PBXFileReference; lastKnownFileType = sourcecode.swift; path = ViewController.swift; sourceTree = "<group>"; };
		AC0309792B03965400DACB70 /* Base */ = {isa = PBXFileReference; lastKnownFileType = file.storyboard; name = Base; path = Base.lproj/SimpleStackView.storyboard; sourceTree = "<group>"; };
		AC03097B2B03965500DACB70 /* Assets.xcassets */ = {isa = PBXFileReference; lastKnownFileType = folder.assetcatalog; path = Assets.xcassets; sourceTree = "<group>"; };
		AC03097E2B03965500DACB70 /* Base */ = {isa = PBXFileReference; lastKnownFileType = file.storyboard; name = Base; path = Base.lproj/LaunchScreen.storyboard; sourceTree = "<group>"; };
		AC0309802B03965500DACB70 /* Info.plist */ = {isa = PBXFileReference; lastKnownFileType = text.plist.xml; path = Info.plist; sourceTree = "<group>"; };
		AC0309872B03CD4F00DACB70 /* Nested Stack View.storyboard */ = {isa = PBXFileReference; lastKnownFileType = file.storyboard; path = "Nested Stack View.storyboard"; sourceTree = "<group>"; };
		AC24C8022B04BA810065B530 /* Dynamic Stack View.storyboard */ = {isa = PBXFileReference; lastKnownFileType = file.storyboard; path = "Dynamic Stack View.storyboard"; sourceTree = "<group>"; };
		ACB0C96B2B0BA97600BF37ED /* Two Different-Width Views.storyboard */ = {isa = PBXFileReference; lastKnownFileType = file.storyboard; path = "Two Different-Width Views.storyboard"; sourceTree = "<group>"; };
		ACC034692B05FCC700FB00BD /* Simple Single View.storyboard */ = {isa = PBXFileReference; lastKnownFileType = file.storyboard; path = "Simple Single View.storyboard"; sourceTree = "<group>"; };
		ACC0346B2B06012100FB00BD /* Adaptive Single View.storyboard */ = {isa = PBXFileReference; lastKnownFileType = file.storyboard; path = "Adaptive Single View.storyboard"; sourceTree = "<group>"; };
		ACC0346D2B06073500FB00BD /* Two Equal-Width Views.storyboard */ = {isa = PBXFileReference; lastKnownFileType = file.storyboard; path = "Two Equal-Width Views.storyboard"; sourceTree = "<group>"; };
/* End PBXFileReference section */

/* Begin PBXFrameworksBuildPhase section */
		AC03096C2B03965400DACB70 /* Frameworks */ = {
			isa = PBXFrameworksBuildPhase;
			buildActionMask = 2147483647;
			files = (
			);
			runOnlyForDeploymentPostprocessing = 0;
		};
/* End PBXFrameworksBuildPhase section */

/* Begin PBXGroup section */
		AC0309662B03965400DACB70 = {
			isa = PBXGroup;
			children = (
				AC0309712B03965400DACB70 /* AutoLayoutDemo */,
				AC0309702B03965400DACB70 /* Products */,
			);
			sourceTree = "<group>";
		};
		AC0309702B03965400DACB70 /* Products */ = {
			isa = PBXGroup;
			children = (
				AC03096F2B03965400DACB70 /* AutoLayoutDemo.app */,
			);
			name = Products;
			sourceTree = "<group>";
		};
		AC0309712B03965400DACB70 /* AutoLayoutDemo */ = {
			isa = PBXGroup;
			children = (
				AC0309722B03965400DACB70 /* AppDelegate.swift */,
				AC0309742B03965400DACB70 /* SceneDelegate.swift */,
				AC0309762B03965400DACB70 /* ViewController.swift */,
				AC0309862B03B41A00DACB70 /* Storyboards */,
				AC03097B2B03965500DACB70 /* Assets.xcassets */,
				AC03097D2B03965500DACB70 /* LaunchScreen.storyboard */,
				AC0309802B03965500DACB70 /* Info.plist */,
			);
			path = AutoLayoutDemo;
			sourceTree = "<group>";
		};
		AC0309862B03B41A00DACB70 /* Storyboards */ = {
			isa = PBXGroup;
			children = (
				AC0309782B03965400DACB70 /* SimpleStackView.storyboard */,
				AC0309872B03CD4F00DACB70 /* Nested Stack View.storyboard */,
				AC24C8022B04BA810065B530 /* Dynamic Stack View.storyboard */,
				ACC034692B05FCC700FB00BD /* Simple Single View.storyboard */,
				ACC0346B2B06012100FB00BD /* Adaptive Single View.storyboard */,
				ACC0346D2B06073500FB00BD /* Two Equal-Width Views.storyboard */,
				ACB0C96B2B0BA97600BF37ED /* Two Different-Width Views.storyboard */,
			);
			path = Storyboards;
			sourceTree = "<group>";
		};
/* End PBXGroup section */

/* Begin PBXNativeTarget section */
		AC03096E2B03965400DACB70 /* AutoLayoutDemo */ = {
			isa = PBXNativeTarget;
			buildConfigurationList = AC0309832B03965500DACB70 /* Build configuration list for PBXNativeTarget "AutoLayoutDemo" */;
			buildPhases = (
				AC03096B2B03965400DACB70 /* Sources */,
				AC03096C2B03965400DACB70 /* Frameworks */,
				AC03096D2B03965400DACB70 /* Resources */,
			);
			buildRules = (
			);
			dependencies = (
			);
			name = AutoLayoutDemo;
			productName = AutoLayoutDemo;
			productReference = AC03096F2B03965400DACB70 /* AutoLayoutDemo.app */;
			productType = "com.apple.product-type.application";
		};
/* End PBXNativeTarget section */

/* Begin PBXProject section */
		AC0309672B03965400DACB70 /* Project object */ = {
			isa = PBXProject;
			attributes = {
				BuildIndependentTargetsInParallel = 1;
				LastSwiftUpdateCheck = 1500;
				LastUpgradeCheck = 1500;
				TargetAttributes = {
					AC03096E2B03965400DACB70 = {
						CreatedOnToolsVersion = 15.0.1;
					};
				};
			};
			buildConfigurationList = AC03096A2B03965400DACB70 /* Build configuration list for PBXProject "AutoLayoutDemo" */;
			compatibilityVersion = "Xcode 14.0";
			developmentRegion = en;
			hasScannedForEncodings = 0;
			knownRegions = (
				en,
				Base,
			);
			mainGroup = AC0309662B03965400DACB70;
			productRefGroup = AC0309702B03965400DACB70 /* Products */;
			projectDirPath = "";
			projectRoot = "";
			targets = (
				AC03096E2B03965400DACB70 /* AutoLayoutDemo */,
			);
		};
/* End PBXProject section */

/* Begin PBXResourcesBuildPhase section */
		AC03096D2B03965400DACB70 /* Resources */ = {
			isa = PBXResourcesBuildPhase;
			buildActionMask = 2147483647;
			files = (
				ACC0346E2B06073500FB00BD /* Two Equal-Width Views.storyboard in Resources */,
				AC03097F2B03965500DACB70 /* LaunchScreen.storyboard in Resources */,
				ACB0C96C2B0BA97600BF37ED /* Two Different-Width Views.storyboard in Resources */,
				ACC0346A2B05FCC700FB00BD /* Simple Single View.storyboard in Resources */,
				AC24C8032B04BA810065B530 /* Dynamic Stack View.storyboard in Resources */,
				AC03097C2B03965500DACB70 /* Assets.xcassets in Resources */,
				AC03097A2B03965400DACB70 /* SimpleStackView.storyboard in Resources */,
				AC0309882B03CD4F00DACB70 /* Nested Stack View.storyboard in Resources */,
				ACC0346C2B06012100FB00BD /* Adaptive Single View.storyboard in Resources */,
			);
			runOnlyForDeploymentPostprocessing = 0;
		};
/* End PBXResourcesBuildPhase section */

/* Begin PBXSourcesBuildPhase section */
		AC03096B2B03965400DACB70 /* Sources */ = {
			isa = PBXSourcesBuildPhase;
			buildActionMask = 2147483647;
			files = (
				AC0309772B03965400DACB70 /* ViewController.swift in Sources */,
				AC0309732B03965400DACB70 /* AppDelegate.swift in Sources */,
				AC0309752B03965400DACB70 /* SceneDelegate.swift in Sources */,
			);
			runOnlyForDeploymentPostprocessing = 0;
		};
/* End PBXSourcesBuildPhase section */

/* Begin PBXVariantGroup section */
		AC0309782B03965400DACB70 /* SimpleStackView.storyboard */ = {
			isa = PBXVariantGroup;
			children = (
				AC0309792B03965400DACB70 /* Base */,
			);
			name = SimpleStackView.storyboard;
			sourceTree = "<group>";
		};
		AC03097D2B03965500DACB70 /* LaunchScreen.storyboard */ = {
			isa = PBXVariantGroup;
			children = (
				AC03097E2B03965500DACB70 /* Base */,
			);
			name = LaunchScreen.storyboard;
			sourceTree = "<group>";
		};
/* End PBXVariantGroup section */

/* Begin XCBuildConfiguration section */
		AC0309812B03965500DACB70 /* Debug */ = {
			isa = XCBuildConfiguration;
			buildSettings = {
				ALWAYS_SEARCH_USER_PATHS = NO;
				ASSETCATALOG_COMPILER_GENERATE_SWIFT_ASSET_SYMBOL_EXTENSIONS = YES;
				CLANG_ANALYZER_NONNULL = YES;
				CLANG_ANALYZER_NUMBER_OBJECT_CONVERSION = YES_AGGRESSIVE;
				CLANG_CXX_LANGUAGE_STANDARD = "gnu++20";
				CLANG_ENABLE_MODULES = YES;
				CLANG_ENABLE_OBJC_ARC = YES;
				CLANG_ENABLE_OBJC_WEAK = YES;
				CLANG_WARN_BLOCK_CAPTURE_AUTORELEASING = YES;
				CLANG_WARN_BOOL_CONVERSION = YES;
				CLANG_WARN_COMMA = YES;
				CLANG_WARN_CONSTANT_CONVERSION = YES;
				CLANG_WARN_DEPRECATED_OBJC_IMPLEMENTATIONS = YES;
				CLANG_WARN_DIRECT_OBJC_ISA_USAGE = YES_ERROR;
				CLANG_WARN_DOCUMENTATION_COMMENTS = YES;
				CLANG_WARN_EMPTY_BODY = YES;
				CLANG_WARN_ENUM_CONVERSION = YES;
				CLANG_WARN_INFINITE_RECURSION = YES;
				CLANG_WARN_INT_CONVERSION = YES;
				CLANG_WARN_NON_LITERAL_NULL_CONVERSION = YES;
				CLANG_WARN_OBJC_IMPLICIT_RETAIN_SELF = YES;
				CLANG_WARN_OBJC_LITERAL_CONVERSION = YES;
				CLANG_WARN_OBJC_ROOT_CLASS = YES_ERROR;
				CLANG_WARN_QUOTED_INCLUDE_IN_FRAMEWORK_HEADER = YES;
				CLANG_WARN_RANGE_LOOP_ANALYSIS = YES;
				CLANG_WARN_STRICT_PROTOTYPES = YES;
				CLANG_WARN_SUSPICIOUS_MOVE = YES;
				CLANG_WARN_UNGUARDED_AVAILABILITY = YES_AGGRESSIVE;
				CLANG_WARN_UNREACHABLE_CODE = YES;
				CLANG_WARN__DUPLICATE_METHOD_MATCH = YES;
				COPY_PHASE_STRIP = NO;
				DEBUG_INFORMATION_FORMAT = dwarf;
				ENABLE_STRICT_OBJC_MSGSEND = YES;
				ENABLE_TESTABILITY = YES;
				ENABLE_USER_SCRIPT_SANDBOXING = YES;
				GCC_C_LANGUAGE_STANDARD = gnu17;
				GCC_DYNAMIC_NO_PIC = NO;
				GCC_NO_COMMON_BLOCKS = YES;
				GCC_OPTIMIZATION_LEVEL = 0;
				GCC_PREPROCESSOR_DEFINITIONS = (
					"DEBUG=1",
					"$(inherited)",
				);
				GCC_WARN_64_TO_32_BIT_CONVERSION = YES;
				GCC_WARN_ABOUT_RETURN_TYPE = YES_ERROR;
				GCC_WARN_UNDECLARED_SELECTOR = YES;
				GCC_WARN_UNINITIALIZED_AUTOS = YES_AGGRESSIVE;
				GCC_WARN_UNUSED_FUNCTION = YES;
				GCC_WARN_UNUSED_VARIABLE = YES;
				IPHONEOS_DEPLOYMENT_TARGET = 17.0;
				LOCALIZATION_PREFERS_STRING_CATALOGS = YES;
				MTL_ENABLE_DEBUG_INFO = INCLUDE_SOURCE;
				MTL_FAST_MATH = YES;
				ONLY_ACTIVE_ARCH = YES;
				SDKROOT = iphoneos;
				SWIFT_ACTIVE_COMPILATION_CONDITIONS = "DEBUG $(inherited)";
				SWIFT_OPTIMIZATION_LEVEL = "-Onone";
			};
			name = Debug;
		};
		AC0309822B03965500DACB70 /* Release */ = {
			isa = XCBuildConfiguration;
			buildSettings = {
				ALWAYS_SEARCH_USER_PATHS = NO;
				ASSETCATALOG_COMPILER_GENERATE_SWIFT_ASSET_SYMBOL_EXTENSIONS = YES;
				CLANG_ANALYZER_NONNULL = YES;
				CLANG_ANALYZER_NUMBER_OBJECT_CONVERSION = YES_AGGRESSIVE;
				CLANG_CXX_LANGUAGE_STANDARD = "gnu++20";
				CLANG_ENABLE_MODULES = YES;
				CLANG_ENABLE_OBJC_ARC = YES;
				CLANG_ENABLE_OBJC_WEAK = YES;
				CLANG_WARN_BLOCK_CAPTURE_AUTORELEASING = YES;
				CLANG_WARN_BOOL_CONVERSION = YES;
				CLANG_WARN_COMMA = YES;
				CLANG_WARN_CONSTANT_CONVERSION = YES;
				CLANG_WARN_DEPRECATED_OBJC_IMPLEMENTATIONS = YES;
				CLANG_WARN_DIRECT_OBJC_ISA_USAGE = YES_ERROR;
				CLANG_WARN_DOCUMENTATION_COMMENTS = YES;
				CLANG_WARN_EMPTY_BODY = YES;
				CLANG_WARN_ENUM_CONVERSION = YES;
				CLANG_WARN_INFINITE_RECURSION = YES;
				CLANG_WARN_INT_CONVERSION = YES;
				CLANG_WARN_NON_LITERAL_NULL_CONVERSION = YES;
				CLANG_WARN_OBJC_IMPLICIT_RETAIN_SELF = YES;
				CLANG_WARN_OBJC_LITERAL_CONVERSION = YES;
				CLANG_WARN_OBJC_ROOT_CLASS = YES_ERROR;
				CLANG_WARN_QUOTED_INCLUDE_IN_FRAMEWORK_HEADER = YES;
				CLANG_WARN_RANGE_LOOP_ANALYSIS = YES;
				CLANG_WARN_STRICT_PROTOTYPES = YES;
				CLANG_WARN_SUSPICIOUS_MOVE = YES;
				CLANG_WARN_UNGUARDED_AVAILABILITY = YES_AGGRESSIVE;
				CLANG_WARN_UNREACHABLE_CODE = YES;
				CLANG_WARN__DUPLICATE_METHOD_MATCH = YES;
				COPY_PHASE_STRIP = NO;
				DEBUG_INFORMATION_FORMAT = "dwarf-with-dsym";
				ENABLE_NS_ASSERTIONS = NO;
				ENABLE_STRICT_OBJC_MSGSEND = YES;
				ENABLE_USER_SCRIPT_SANDBOXING = YES;
				GCC_C_LANGUAGE_STANDARD = gnu17;
				GCC_NO_COMMON_BLOCKS = YES;
				GCC_WARN_64_TO_32_BIT_CONVERSION = YES;
				GCC_WARN_ABOUT_RETURN_TYPE = YES_ERROR;
				GCC_WARN_UNDECLARED_SELECTOR = YES;
				GCC_WARN_UNINITIALIZED_AUTOS = YES_AGGRESSIVE;
				GCC_WARN_UNUSED_FUNCTION = YES;
				GCC_WARN_UNUSED_VARIABLE = YES;
				IPHONEOS_DEPLOYMENT_TARGET = 17.0;
				LOCALIZATION_PREFERS_STRING_CATALOGS = YES;
				MTL_ENABLE_DEBUG_INFO = NO;
				MTL_FAST_MATH = YES;
				SDKROOT = iphoneos;
				SWIFT_COMPILATION_MODE = wholemodule;
				VALIDATE_PRODUCT = YES;
			};
			name = Release;
		};
		AC0309842B03965500DACB70 /* Debug */ = {
			isa = XCBuildConfiguration;
			buildSettings = {
				ASSETCATALOG_COMPILER_APPICON_NAME = AppIcon;
				ASSETCATALOG_COMPILER_GLOBAL_ACCENT_COLOR_NAME = AccentColor;
				CODE_SIGN_STYLE = Automatic;
				CURRENT_PROJECT_VERSION = 1;
				DEVELOPMENT_TEAM = 8N7YRTC92N;
				GENERATE_INFOPLIST_FILE = YES;
				INFOPLIST_FILE = AutoLayoutDemo/Info.plist;
				INFOPLIST_KEY_UIApplicationSupportsIndirectInputEvents = YES;
				INFOPLIST_KEY_UILaunchStoryboardName = LaunchScreen;
				INFOPLIST_KEY_UIStatusBarStyle = "";
				INFOPLIST_KEY_UISupportedInterfaceOrientations_iPad = "UIInterfaceOrientationPortrait UIInterfaceOrientationPortraitUpsideDown UIInterfaceOrientationLandscapeLeft UIInterfaceOrientationLandscapeRight";
				INFOPLIST_KEY_UISupportedInterfaceOrientations_iPhone = "UIInterfaceOrientationPortrait UIInterfaceOrientationLandscapeLeft UIInterfaceOrientationLandscapeRight";
				LD_RUNPATH_SEARCH_PATHS = (
					"$(inherited)",
					"@executable_path/Frameworks",
				);
				MARKETING_VERSION = 1.0;
				PRODUCT_BUNDLE_IDENTIFIER = backster.com.AutoLayoutDemo;
				PRODUCT_NAME = "$(TARGET_NAME)";
				SWIFT_EMIT_LOC_STRINGS = YES;
				SWIFT_VERSION = 5.0;
				TARGETED_DEVICE_FAMILY = "1,2";
			};
			name = Debug;
		};
		AC0309852B03965500DACB70 /* Release */ = {
			isa = XCBuildConfiguration;
			buildSettings = {
				ASSETCATALOG_COMPILER_APPICON_NAME = AppIcon;
				ASSETCATALOG_COMPILER_GLOBAL_ACCENT_COLOR_NAME = AccentColor;
				CODE_SIGN_STYLE = Automatic;
				CURRENT_PROJECT_VERSION = 1;
				DEVELOPMENT_TEAM = 8N7YRTC92N;
				GENERATE_INFOPLIST_FILE = YES;
				INFOPLIST_FILE = AutoLayoutDemo/Info.plist;
				INFOPLIST_KEY_UIApplicationSupportsIndirectInputEvents = YES;
				INFOPLIST_KEY_UILaunchStoryboardName = LaunchScreen;
				INFOPLIST_KEY_UIStatusBarStyle = "";
				INFOPLIST_KEY_UISupportedInterfaceOrientations_iPad = "UIInterfaceOrientationPortrait UIInterfaceOrientationPortraitUpsideDown UIInterfaceOrientationLandscapeLeft UIInterfaceOrientationLandscapeRight";
				INFOPLIST_KEY_UISupportedInterfaceOrientations_iPhone = "UIInterfaceOrientationPortrait UIInterfaceOrientationLandscapeLeft UIInterfaceOrientationLandscapeRight";
				LD_RUNPATH_SEARCH_PATHS = (
					"$(inherited)",
					"@executable_path/Frameworks",
				);
				MARKETING_VERSION = 1.0;
				PRODUCT_BUNDLE_IDENTIFIER = backster.com.AutoLayoutDemo;
				PRODUCT_NAME = "$(TARGET_NAME)";
				SWIFT_EMIT_LOC_STRINGS = YES;
				SWIFT_VERSION = 5.0;
				TARGETED_DEVICE_FAMILY = "1,2";
			};
			name = Release;
		};
/* End XCBuildConfiguration section */

/* Begin XCConfigurationList section */
		AC03096A2B03965400DACB70 /* Build configuration list for PBXProject "AutoLayoutDemo" */ = {
			isa = XCConfigurationList;
			buildConfigurations = (
				AC0309812B03965500DACB70 /* Debug */,
				AC0309822B03965500DACB70 /* Release */,
			);
			defaultConfigurationIsVisible = 0;
			defaultConfigurationName = Release;
		};
		AC0309832B03965500DACB70 /* Build configuration list for PBXNativeTarget "AutoLayoutDemo" */ = {
			isa = XCConfigurationList;
			buildConfigurations = (
				AC0309842B03965500DACB70 /* Debug */,
				AC0309852B03965500DACB70 /* Release */,
			);
			defaultConfigurationIsVisible = 0;
			defaultConfigurationName = Release;
		};
/* End XCConfigurationList section */
	};
	rootObject = AC0309672B03965400DACB70 /* Project object */;
}
